
Microsoft Visual Studio Solution File, Format Version 12.00
# Visual Studio 15
VisualStudioVersion = 15.0.27004.2005
MinimumVisualStudioVersion = 10.0.40219.1
Project("{FAE04EC0-301F-11D3-BF4B-00C04F79EFBC}") = "XamarinFramework.Core", "XamarinFramework.Core\XamarinFramework.Core.csproj", "{7717361F-3EEA-4502-9AC4-8C41B0D3297E}"
EndProject
Project("{FAE04EC0-301F-11D3-BF4B-00C04F79EFBC}") = "XamarinFramework.iOS", "XamarinFramework.iOS\XamarinFramework.iOS.csproj", "{1D279CCA-712C-4ECB-9C0B-B742715E4913}"
EndProject
Project("{FAE04EC0-301F-11D3-BF4B-00C04F79EFBC}") = "XamarinFramework.Droid", "XamarinFramework.Droid\XamarinFramework.Droid.csproj", "{2812BF87-5670-4501-8133-4811393A99A4}"
EndProject
Project("{FAE04EC0-301F-11D3-BF4B-00C04F79EFBC}") = "XFTestApp.Droid", "XFTestApp.Droid\XFTestApp.Droid.csproj", "{B2232A5C-E1C0-4D25-A9CF-B5F846B117EF}"
EndProject
Project("{FAE04EC0-301F-11D3-BF4B-00C04F79EFBC}") = "XFTestApp.Core", "XFTestApp.Core\XFTestApp.Core.csproj", "{15D3B4FE-7052-47EC-9C59-7ACC11FD3327}"
EndProject
Project("{FAE04EC0-301F-11D3-BF4B-00C04F79EFBC}") = "XFTestApp.iOS", "XFTestApp.iOS\XFTestApp.iOS.csproj", "{EEFC204A-C572-48FA-9E17-5A534ADA84EF}"
EndProject
Global
	GlobalSection(SolutionConfigurationPlatforms) = preSolution
		Ad-Hoc|Any CPU = Ad-Hoc|Any CPU
		Ad-Hoc|iPhone = Ad-Hoc|iPhone
		Ad-Hoc|iPhoneSimulator = Ad-Hoc|iPhoneSimulator
		AppStore|Any CPU = AppStore|Any CPU
		AppStore|iPhone = AppStore|iPhone
		AppStore|iPhoneSimulator = AppStore|iPhoneSimulator
		Debug|Any CPU = Debug|Any CPU
		Debug|iPhone = Debug|iPhone
		Debug|iPhoneSimulator = Debug|iPhoneSimulator
		Release|Any CPU = Release|Any CPU
		Release|iPhone = Release|iPhone
		Release|iPhoneSimulator = Release|iPhoneSimulator
	EndGlobalSection
	GlobalSection(ProjectConfigurationPlatforms) = postSolution
		{7717361F-3EEA-4502-9AC4-8C41B0D3297E}.Ad-Hoc|Any CPU.ActiveCfg = Release|Any CPU
		{7717361F-3EEA-4502-9AC4-8C41B0D3297E}.Ad-Hoc|Any CPU.Build.0 = Release|Any CPU
		{7717361F-3EEA-4502-9AC4-8C41B0D3297E}.Ad-Hoc|iPhone.ActiveCfg = Release|Any CPU
		{7717361F-3EEA-4502-9AC4-8C41B0D3297E}.Ad-Hoc|iPhone.Build.0 = Release|Any CPU
		{7717361F-3EEA-4502-9AC4-8C41B0D3297E}.Ad-Hoc|iPhoneSimulator.ActiveCfg = Release|Any CPU
		{7717361F-3EEA-4502-9AC4-8C41B0D3297E}.Ad-Hoc|iPhoneSimulator.Build.0 = Release|Any CPU
		{7717361F-3EEA-4502-9AC4-8C41B0D3297E}.AppStore|Any CPU.ActiveCfg = Release|Any CPU
		{7717361F-3EEA-4502-9AC4-8C41B0D3297E}.AppStore|Any CPU.Build.0 = Release|Any CPU
		{7717361F-3EEA-4502-9AC4-8C41B0D3297E}.AppStore|iPhone.ActiveCfg = Release|Any CPU
		{7717361F-3EEA-4502-9AC4-8C41B0D3297E}.AppStore|iPhone.Build.0 = Release|Any CPU
		{7717361F-3EEA-4502-9AC4-8C41B0D3297E}.AppStore|iPhoneSimulator.ActiveCfg = Release|Any CPU
		{7717361F-3EEA-4502-9AC4-8C41B0D3297E}.AppStore|iPhoneSimulator.Build.0 = Release|Any CPU
		{7717361F-3EEA-4502-9AC4-8C41B0D3297E}.Debug|Any CPU.ActiveCfg = Debug|Any CPU
		{7717361F-3EEA-4502-9AC4-8C41B0D3297E}.Debug|Any CPU.Build.0 = Debug|Any CPU
		{7717361F-3EEA-4502-9AC4-8C41B0D3297E}.Debug|iPhone.ActiveCfg = Debug|Any CPU
		{7717361F-3EEA-4502-9AC4-8C41B0D3297E}.Debug|iPhone.Build.0 = Debug|Any CPU
		{7717361F-3EEA-4502-9AC4-8C41B0D3297E}.Debug|iPhoneSimulator.ActiveCfg = Debug|Any CPU
		{7717361F-3EEA-4502-9AC4-8C41B0D3297E}.Debug|iPhoneSimulator.Build.0 = Debug|Any CPU
		{7717361F-3EEA-4502-9AC4-8C41B0D3297E}.Release|Any CPU.ActiveCfg = Release|Any CPU
		{7717361F-3EEA-4502-9AC4-8C41B0D3297E}.Release|Any CPU.Build.0 = Release|Any CPU
		{7717361F-3EEA-4502-9AC4-8C41B0D3297E}.Release|iPhone.ActiveCfg = Release|Any CPU
		{7717361F-3EEA-4502-9AC4-8C41B0D3297E}.Release|iPhone.Build.0 = Release|Any CPU
		{7717361F-3EEA-4502-9AC4-8C41B0D3297E}.Release|iPhoneSimulator.ActiveCfg = Release|Any CPU
		{7717361F-3EEA-4502-9AC4-8C41B0D3297E}.Release|iPhoneSimulator.Build.0 = Release|Any CPU
		{1D279CCA-712C-4ECB-9C0B-B742715E4913}.Ad-Hoc|Any CPU.ActiveCfg = Release|Any CPU
		{1D279CCA-712C-4ECB-9C0B-B742715E4913}.Ad-Hoc|Any CPU.Build.0 = Release|Any CPU
		{1D279CCA-712C-4ECB-9C0B-B742715E4913}.Ad-Hoc|iPhone.ActiveCfg = Release|Any CPU
		{1D279CCA-712C-4ECB-9C0B-B742715E4913}.Ad-Hoc|iPhone.Build.0 = Release|Any CPU
		{1D279CCA-712C-4ECB-9C0B-B742715E4913}.Ad-Hoc|iPhoneSimulator.ActiveCfg = Release|Any CPU
		{1D279CCA-712C-4ECB-9C0B-B742715E4913}.Ad-Hoc|iPhoneSimulator.Build.0 = Release|Any CPU
		{1D279CCA-712C-4ECB-9C0B-B742715E4913}.AppStore|Any CPU.ActiveCfg = Release|Any CPU
		{1D279CCA-712C-4ECB-9C0B-B742715E4913}.AppStore|Any CPU.Build.0 = Release|Any CPU
		{1D279CCA-712C-4ECB-9C0B-B742715E4913}.AppStore|iPhone.ActiveCfg = Release|Any CPU
		{1D279CCA-712C-4ECB-9C0B-B742715E4913}.AppStore|iPhone.Build.0 = Release|Any CPU
		{1D279CCA-712C-4ECB-9C0B-B742715E4913}.AppStore|iPhoneSimulator.ActiveCfg = Release|Any CPU
		{1D279CCA-712C-4ECB-9C0B-B742715E4913}.AppStore|iPhoneSimulator.Build.0 = Release|Any CPU
		{1D279CCA-712C-4ECB-9C0B-B742715E4913}.Debug|Any CPU.ActiveCfg = Debug|Any CPU
		{1D279CCA-712C-4ECB-9C0B-B742715E4913}.Debug|Any CPU.Build.0 = Debug|Any CPU
		{1D279CCA-712C-4ECB-9C0B-B742715E4913}.Debug|iPhone.ActiveCfg = Debug|Any CPU
		{1D279CCA-712C-4ECB-9C0B-B742715E4913}.Debug|iPhone.Build.0 = Debug|Any CPU
		{1D279CCA-712C-4ECB-9C0B-B742715E4913}.Debug|iPhoneSimulator.ActiveCfg = Debug|Any CPU
		{1D279CCA-712C-4ECB-9C0B-B742715E4913}.Debug|iPhoneSimulator.Build.0 = Debug|Any CPU
		{1D279CCA-712C-4ECB-9C0B-B742715E4913}.Release|Any CPU.ActiveCfg = Release|Any CPU
		{1D279CCA-712C-4ECB-9C0B-B742715E4913}.Release|Any CPU.Build.0 = Release|Any CPU
		{1D279CCA-712C-4ECB-9C0B-B742715E4913}.Release|iPhone.ActiveCfg = Release|Any CPU
		{1D279CCA-712C-4ECB-9C0B-B742715E4913}.Release|iPhone.Build.0 = Release|Any CPU
		{1D279CCA-712C-4ECB-9C0B-B742715E4913}.Release|iPhoneSimulator.ActiveCfg = Release|Any CPU
		{1D279CCA-712C-4ECB-9C0B-B742715E4913}.Release|iPhoneSimulator.Build.0 = Release|Any CPU
		{2812BF87-5670-4501-8133-4811393A99A4}.Ad-Hoc|Any CPU.ActiveCfg = Release|Any CPU
		{2812BF87-5670-4501-8133-4811393A99A4}.Ad-Hoc|Any CPU.Build.0 = Release|Any CPU
		{2812BF87-5670-4501-8133-4811393A99A4}.Ad-Hoc|iPhone.ActiveCfg = Release|Any CPU
		{2812BF87-5670-4501-8133-4811393A99A4}.Ad-Hoc|iPhone.Build.0 = Release|Any CPU
		{2812BF87-5670-4501-8133-4811393A99A4}.Ad-Hoc|iPhoneSimulator.ActiveCfg = Release|Any CPU
		{2812BF87-5670-4501-8133-4811393A99A4}.Ad-Hoc|iPhoneSimulator.Build.0 = Release|Any CPU
		{2812BF87-5670-4501-8133-4811393A99A4}.AppStore|Any CPU.ActiveCfg = Release|Any CPU
		{2812BF87-5670-4501-8133-4811393A99A4}.AppStore|Any CPU.Build.0 = Release|Any CPU
		{2812BF87-5670-4501-8133-4811393A99A4}.AppStore|iPhone.ActiveCfg = Release|Any CPU
		{2812BF87-5670-4501-8133-4811393A99A4}.AppStore|iPhone.Build.0 = Release|Any CPU
		{2812BF87-5670-4501-8133-4811393A99A4}.AppStore|iPhoneSimulator.ActiveCfg = Release|Any CPU
		{2812BF87-5670-4501-8133-4811393A99A4}.AppStore|iPhoneSimulator.Build.0 = Release|Any CPU
		{2812BF87-5670-4501-8133-4811393A99A4}.Debug|Any CPU.ActiveCfg = Debug|Any CPU
		{2812BF87-5670-4501-8133-4811393A99A4}.Debug|Any CPU.Build.0 = Debug|Any CPU
		{2812BF87-5670-4501-8133-4811393A99A4}.Debug|iPhone.ActiveCfg = Debug|Any CPU
		{2812BF87-5670-4501-8133-4811393A99A4}.Debug|iPhone.Build.0 = Debug|Any CPU
		{2812BF87-5670-4501-8133-4811393A99A4}.Debug|iPhoneSimulator.ActiveCfg = Debug|Any CPU
		{2812BF87-5670-4501-8133-4811393A99A4}.Debug|iPhoneSimulator.Build.0 = Debug|Any CPU
		{2812BF87-5670-4501-8133-4811393A99A4}.Release|Any CPU.ActiveCfg = Release|Any CPU
		{2812BF87-5670-4501-8133-4811393A99A4}.Release|Any CPU.Build.0 = Release|Any CPU
		{2812BF87-5670-4501-8133-4811393A99A4}.Release|iPhone.ActiveCfg = Release|Any CPU
		{2812BF87-5670-4501-8133-4811393A99A4}.Release|iPhone.Build.0 = Release|Any CPU
		{2812BF87-5670-4501-8133-4811393A99A4}.Release|iPhoneSimulator.ActiveCfg = Release|Any CPU
		{2812BF87-5670-4501-8133-4811393A99A4}.Release|iPhoneSimulator.Build.0 = Release|Any CPU
		{B2232A5C-E1C0-4D25-A9CF-B5F846B117EF}.Ad-Hoc|Any CPU.ActiveCfg = Release|Any CPU
		{B2232A5C-E1C0-4D25-A9CF-B5F846B117EF}.Ad-Hoc|Any CPU.Build.0 = Release|Any CPU
		{B2232A5C-E1C0-4D25-A9CF-B5F846B117EF}.Ad-Hoc|Any CPU.Deploy.0 = Release|Any CPU
		{B2232A5C-E1C0-4D25-A9CF-B5F846B117EF}.Ad-Hoc|iPhone.ActiveCfg = Release|Any CPU
		{B2232A5C-E1C0-4D25-A9CF-B5F846B117EF}.Ad-Hoc|iPhone.Build.0 = Release|Any CPU
		{B2232A5C-E1C0-4D25-A9CF-B5F846B117EF}.Ad-Hoc|iPhone.Deploy.0 = Release|Any CPU
		{B2232A5C-E1C0-4D25-A9CF-B5F846B117EF}.Ad-Hoc|iPhoneSimulator.ActiveCfg = Release|Any CPU
		{B2232A5C-E1C0-4D25-A9CF-B5F846B117EF}.Ad-Hoc|iPhoneSimulator.Build.0 = Release|Any CPU
		{B2232A5C-E1C0-4D25-A9CF-B5F846B117EF}.Ad-Hoc|iPhoneSimulator.Deploy.0 = Release|Any CPU
		{B2232A5C-E1C0-4D25-A9CF-B5F846B117EF}.AppStore|Any CPU.ActiveCfg = Release|Any CPU
		{B2232A5C-E1C0-4D25-A9CF-B5F846B117EF}.AppStore|Any CPU.Build.0 = Release|Any CPU
		{B2232A5C-E1C0-4D25-A9CF-B5F846B117EF}.AppStore|Any CPU.Deploy.0 = Release|Any CPU
		{B2232A5C-E1C0-4D25-A9CF-B5F846B117EF}.AppStore|iPhone.ActiveCfg = Release|Any CPU
		{B2232A5C-E1C0-4D25-A9CF-B5F846B117EF}.AppStore|iPhone.Build.0 = Release|Any CPU
		{B2232A5C-E1C0-4D25-A9CF-B5F846B117EF}.AppStore|iPhone.Deploy.0 = Release|Any CPU
		{B2232A5C-E1C0-4D25-A9CF-B5F846B117EF}.AppStore|iPhoneSimulator.ActiveCfg = Release|Any CPU
		{B2232A5C-E1C0-4D25-A9CF-B5F846B117EF}.AppStore|iPhoneSimulator.Build.0 = Release|Any CPU
		{B2232A5C-E1C0-4D25-A9CF-B5F846B117EF}.AppStore|iPhoneSimulator.Deploy.0 = Release|Any CPU
		{B2232A5C-E1C0-4D25-A9CF-B5F846B117EF}.Debug|Any CPU.ActiveCfg = Debug|Any CPU
		{B2232A5C-E1C0-4D25-A9CF-B5F846B117EF}.Debug|Any CPU.Build.0 = Debug|Any CPU
		{B2232A5C-E1C0-4D25-A9CF-B5F846B117EF}.Debug|Any CPU.Deploy.0 = Debug|Any CPU
		{B2232A5C-E1C0-4D25-A9CF-B5F846B117EF}.Debug|iPhone.ActiveCfg = Debug|Any CPU
		{B2232A5C-E1C0-4D25-A9CF-B5F846B117EF}.Debug|iPhone.Build.0 = Debug|Any CPU
		{B2232A5C-E1C0-4D25-A9CF-B5F846B117EF}.Debug|iPhone.Deploy.0 = Debug|Any CPU
		{B2232A5C-E1C0-4D25-A9CF-B5F846B117EF}.Debug|iPhoneSimulator.ActiveCfg = Debug|Any CPU
		{B2232A5C-E1C0-4D25-A9CF-B5F846B117EF}.Debug|iPhoneSimulator.Build.0 = Debug|Any CPU
		{B2232A5C-E1C0-4D25-A9CF-B5F846B117EF}.Debug|iPhoneSimulator.Deploy.0 = Debug|Any CPU
		{B2232A5C-E1C0-4D25-A9CF-B5F846B117EF}.Release|Any CPU.ActiveCfg = Release|Any CPU
		{B2232A5C-E1C0-4D25-A9CF-B5F846B117EF}.Release|Any CPU.Build.0 = Release|Any CPU
		{B2232A5C-E1C0-4D25-A9CF-B5F846B117EF}.Release|Any CPU.Deploy.0 = Release|Any CPU
		{B2232A5C-E1C0-4D25-A9CF-B5F846B117EF}.Release|iPhone.ActiveCfg = Release|Any CPU
		{B2232A5C-E1C0-4D25-A9CF-B5F846B117EF}.Release|iPhone.Build.0 = Release|Any CPU
		{B2232A5C-E1C0-4D25-A9CF-B5F846B117EF}.Release|iPhone.Deploy.0 = Release|Any CPU
		{B2232A5C-E1C0-4D25-A9CF-B5F846B117EF}.Release|iPhoneSimulator.ActiveCfg = Release|Any CPU
		{B2232A5C-E1C0-4D25-A9CF-B5F846B117EF}.Release|iPhoneSimulator.Build.0 = Release|Any CPU
		{B2232A5C-E1C0-4D25-A9CF-B5F846B117EF}.Release|iPhoneSimulator.Deploy.0 = Release|Any CPU
		{15D3B4FE-7052-47EC-9C59-7ACC11FD3327}.Ad-Hoc|Any CPU.ActiveCfg = Release|Any CPU
		{15D3B4FE-7052-47EC-9C59-7ACC11FD3327}.Ad-Hoc|Any CPU.Build.0 = Release|Any CPU
		{15D3B4FE-7052-47EC-9C59-7ACC11FD3327}.Ad-Hoc|iPhone.ActiveCfg = Release|Any CPU
		{15D3B4FE-7052-47EC-9C59-7ACC11FD3327}.Ad-Hoc|iPhone.Build.0 = Release|Any CPU
		{15D3B4FE-7052-47EC-9C59-7ACC11FD3327}.Ad-Hoc|iPhoneSimulator.ActiveCfg = Release|Any CPU
		{15D3B4FE-7052-47EC-9C59-7ACC11FD3327}.Ad-Hoc|iPhoneSimulator.Build.0 = Release|Any CPU
		{15D3B4FE-7052-47EC-9C59-7ACC11FD3327}.AppStore|Any CPU.ActiveCfg = Release|Any CPU
		{15D3B4FE-7052-47EC-9C59-7ACC11FD3327}.AppStore|Any CPU.Build.0 = Release|Any CPU
		{15D3B4FE-7052-47EC-9C59-7ACC11FD3327}.AppStore|iPhone.ActiveCfg = Release|Any CPU
		{15D3B4FE-7052-47EC-9C59-7ACC11FD3327}.AppStore|iPhone.Build.0 = Release|Any CPU
		{15D3B4FE-7052-47EC-9C59-7ACC11FD3327}.AppStore|iPhoneSimulator.ActiveCfg = Release|Any CPU
		{15D3B4FE-7052-47EC-9C59-7ACC11FD3327}.AppStore|iPhoneSimulator.Build.0 = Release|Any CPU
		{15D3B4FE-7052-47EC-9C59-7ACC11FD3327}.Debug|Any CPU.ActiveCfg = Debug|Any CPU
		{15D3B4FE-7052-47EC-9C59-7ACC11FD3327}.Debug|Any CPU.Build.0 = Debug|Any CPU
		{15D3B4FE-7052-47EC-9C59-7ACC11FD3327}.Debug|iPhone.ActiveCfg = Debug|Any CPU
		{15D3B4FE-7052-47EC-9C59-7ACC11FD3327}.Debug|iPhone.Build.0 = Debug|Any CPU
		{15D3B4FE-7052-47EC-9C59-7ACC11FD3327}.Debug|iPhoneSimulator.ActiveCfg = Debug|Any CPU
		{15D3B4FE-7052-47EC-9C59-7ACC11FD3327}.Debug|iPhoneSimulator.Build.0 = Debug|Any CPU
		{15D3B4FE-7052-47EC-9C59-7ACC11FD3327}.Release|Any CPU.ActiveCfg = Release|Any CPU
		{15D3B4FE-7052-47EC-9C59-7ACC11FD3327}.Release|Any CPU.Build.0 = Release|Any CPU
		{15D3B4FE-7052-47EC-9C59-7ACC11FD3327}.Release|iPhone.ActiveCfg = Release|Any CPU
		{15D3B4FE-7052-47EC-9C59-7ACC11FD3327}.Release|iPhone.Build.0 = Release|Any CPU
		{15D3B4FE-7052-47EC-9C59-7ACC11FD3327}.Release|iPhoneSimulator.ActiveCfg = Release|Any CPU
		{15D3B4FE-7052-47EC-9C59-7ACC11FD3327}.Release|iPhoneSimulator.Build.0 = Release|Any CPU
		{EEFC204A-C572-48FA-9E17-5A534ADA84EF}.Ad-Hoc|Any CPU.ActiveCfg = Ad-Hoc|iPhone
		{EEFC204A-C572-48FA-9E17-5A534ADA84EF}.Ad-Hoc|iPhone.ActiveCfg = Ad-Hoc|iPhone
		{EEFC204A-C572-48FA-9E17-5A534ADA84EF}.Ad-Hoc|iPhone.Build.0 = Ad-Hoc|iPhone
		{EEFC204A-C572-48FA-9E17-5A534ADA84EF}.Ad-Hoc|iPhoneSimulator.ActiveCfg = Ad-Hoc|iPhoneSimulator
		{EEFC204A-C572-48FA-9E17-5A534ADA84EF}.Ad-Hoc|iPhoneSimulator.Build.0 = Ad-Hoc|iPhoneSimulator
		{EEFC204A-C572-48FA-9E17-5A534ADA84EF}.AppStore|Any CPU.ActiveCfg = AppStore|iPhone
		{EEFC204A-C572-48FA-9E17-5A534ADA84EF}.AppStore|iPhone.ActiveCfg = AppStore|iPhone
		{EEFC204A-C572-48FA-9E17-5A534ADA84EF}.AppStore|iPhone.Build.0 = AppStore|iPhone
		{EEFC204A-C572-48FA-9E17-5A534ADA84EF}.AppStore|iPhoneSimulator.ActiveCfg = AppStore|iPhoneSimulator
		{EEFC204A-C572-48FA-9E17-5A534ADA84EF}.AppStore|iPhoneSimulator.Build.0 = AppStore|iPhoneSimulator
		{EEFC204A-C572-48FA-9E17-5A534ADA84EF}.Debug|Any CPU.ActiveCfg = Debug|iPhone
		{EEFC204A-C572-48FA-9E17-5A534ADA84EF}.Debug|iPhone.ActiveCfg = Debug|iPhone
		{EEFC204A-C572-48FA-9E17-5A534ADA84EF}.Debug|iPhone.Build.0 = Debug|iPhone
		{EEFC204A-C572-48FA-9E17-5A534ADA84EF}.Debug|iPhoneSimulator.ActiveCfg = Debug|iPhoneSimulator
		{EEFC204A-C572-48FA-9E17-5A534ADA84EF}.Debug|iPhoneSimulator.Build.0 = Debug|iPhoneSimulator
		{EEFC204A-C572-48FA-9E17-5A534ADA84EF}.Release|Any CPU.ActiveCfg = Release|iPhone
		{EEFC204A-C572-48FA-9E17-5A534ADA84EF}.Release|iPhone.ActiveCfg = Release|iPhone
		{EEFC204A-C572-48FA-9E17-5A534ADA84EF}.Release|iPhone.Build.0 = Release|iPhone
		{EEFC204A-C572-48FA-9E17-5A534ADA84EF}.Release|iPhoneSimulator.ActiveCfg = Release|iPhoneSimulator
		{EEFC204A-C572-48FA-9E17-5A534ADA84EF}.Release|iPhoneSimulator.Build.0 = Release|iPhoneSimulator
	EndGlobalSection
	GlobalSection(SolutionProperties) = preSolution
		HideSolutionNode = FALSE
	EndGlobalSection
	GlobalSection(ExtensibilityGlobals) = postSolution
		SolutionGuid = {72AE1B3C-F012-401A-BDCF-CF8DBCEE6F60}
	EndGlobalSection
EndGlobal
